// !$*UTF8*$!
{
	archiveVersion = 1;
	classes = {
	};
	objectVersion = 55;
	objects = {

/* Begin PBXBuildFile section */
		F1534AD626FEB595009D01F1 /* AppDelegate.swift in Sources */ = {isa = PBXBuildFile; fileRef = F1534AD526FEB595009D01F1 /* AppDelegate.swift */; };
		F1534AD826FEB595009D01F1 /* SceneDelegate.swift in Sources */ = {isa = PBXBuildFile; fileRef = F1534AD726FEB595009D01F1 /* SceneDelegate.swift */; };
		F1534ADA26FEB595009D01F1 /* ViewController.swift in Sources */ = {isa = PBXBuildFile; fileRef = F1534AD926FEB595009D01F1 /* ViewController.swift */; };
		F1534ADD26FEB595009D01F1 /* Main.storyboard in Resources */ = {isa = PBXBuildFile; fileRef = F1534ADB26FEB595009D01F1 /* Main.storyboard */; };
		F1534ADF26FEB597009D01F1 /* Assets.xcassets in Resources */ = {isa = PBXBuildFile; fileRef = F1534ADE26FEB597009D01F1 /* Assets.xcassets */; };
		F1534AE226FEB597009D01F1 /* LaunchScreen.storyboard in Resources */ = {isa = PBXBuildFile; fileRef = F1534AE026FEB597009D01F1 /* LaunchScreen.storyboard */; };
		F1534AEB26FEC5B6009D01F1 /* SwiftMock.swift in Sources */ = {isa = PBXBuildFile; fileRef = F1534AEA26FEC5B6009D01F1 /* SwiftMock.swift */; };
		F1534AF526FEC7F0009D01F1 /* SwiftMock.framework in Frameworks */ = {isa = PBXBuildFile; fileRef = F189AD6E26FE9F30006B6846 /* SwiftMock.framework */; };
		F1534AF626FEC7F0009D01F1 /* SwiftMock.framework in Embed Frameworks */ = {isa = PBXBuildFile; fileRef = F189AD6E26FE9F30006B6846 /* SwiftMock.framework */; settings = {ATTRIBUTES = (CodeSignOnCopy, RemoveHeadersOnCopy, ); }; };
		F189AD7326FE9F30006B6846 /* SwiftMock.docc in Sources */ = {isa = PBXBuildFile; fileRef = F189AD7226FE9F30006B6846 /* SwiftMock.docc */; };
		F189AD7926FE9F30006B6846 /* SwiftMock.framework in Frameworks */ = {isa = PBXBuildFile; fileRef = F189AD6E26FE9F30006B6846 /* SwiftMock.framework */; };
		F189AD7E26FE9F30006B6846 /* SwiftMockTests.swift in Sources */ = {isa = PBXBuildFile; fileRef = F189AD7D26FE9F30006B6846 /* SwiftMockTests.swift */; };
		F189AD7F26FE9F30006B6846 /* SwiftMock.h in Headers */ = {isa = PBXBuildFile; fileRef = F189AD7126FE9F30006B6846 /* SwiftMock.h */; settings = {ATTRIBUTES = (Public, ); }; };
/* End PBXBuildFile section */

/* Begin PBXContainerItemProxy section */
		F1534AF726FEC7F0009D01F1 /* PBXContainerItemProxy */ = {
			isa = PBXContainerItemProxy;
			containerPortal = F189AD6526FE9F30006B6846 /* Project object */;
			proxyType = 1;
			remoteGlobalIDString = F189AD6D26FE9F30006B6846;
			remoteInfo = SwiftMock;
		};
		F189AD7A26FE9F30006B6846 /* PBXContainerItemProxy */ = {
			isa = PBXContainerItemProxy;
			containerPortal = F189AD6526FE9F30006B6846 /* Project object */;
			proxyType = 1;
			remoteGlobalIDString = F189AD6D26FE9F30006B6846;
			remoteInfo = SwiftMock;
		};
/* End PBXContainerItemProxy section */

/* Begin PBXCopyFilesBuildPhase section */
		F1534AF426FEC7D5009D01F1 /* Embed Frameworks */ = {
			isa = PBXCopyFilesBuildPhase;
			buildActionMask = 2147483647;
			dstPath = "";
			dstSubfolderSpec = 10;
			files = (
				F1534AF626FEC7F0009D01F1 /* SwiftMock.framework in Embed Frameworks */,
			);
			name = "Embed Frameworks";
			runOnlyForDeploymentPostprocessing = 0;
		};
/* End PBXCopyFilesBuildPhase section */

/* Begin PBXFileReference section */
		F1534AD326FEB595009D01F1 /* SwiftMockExamples.app */ = {isa = PBXFileReference; explicitFileType = wrapper.application; includeInIndex = 0; path = SwiftMockExamples.app; sourceTree = BUILT_PRODUCTS_DIR; };
		F1534AD526FEB595009D01F1 /* AppDelegate.swift */ = {isa = PBXFileReference; lastKnownFileType = sourcecode.swift; path = AppDelegate.swift; sourceTree = "<group>"; };
		F1534AD726FEB595009D01F1 /* SceneDelegate.swift */ = {isa = PBXFileReference; lastKnownFileType = sourcecode.swift; path = SceneDelegate.swift; sourceTree = "<group>"; };
		F1534AD926FEB595009D01F1 /* ViewController.swift */ = {isa = PBXFileReference; lastKnownFileType = sourcecode.swift; path = ViewController.swift; sourceTree = "<group>"; };
		F1534ADC26FEB595009D01F1 /* Base */ = {isa = PBXFileReference; lastKnownFileType = file.storyboard; name = Base; path = Base.lproj/Main.storyboard; sourceTree = "<group>"; };
		F1534ADE26FEB597009D01F1 /* Assets.xcassets */ = {isa = PBXFileReference; lastKnownFileType = folder.assetcatalog; path = Assets.xcassets; sourceTree = "<group>"; };
		F1534AE126FEB597009D01F1 /* Base */ = {isa = PBXFileReference; lastKnownFileType = file.storyboard; name = Base; path = Base.lproj/LaunchScreen.storyboard; sourceTree = "<group>"; };
		F1534AE326FEB597009D01F1 /* Info.plist */ = {isa = PBXFileReference; lastKnownFileType = text.plist.xml; path = Info.plist; sourceTree = "<group>"; };
		F1534AE726FEB92C009D01F1 /* README.md */ = {isa = PBXFileReference; lastKnownFileType = net.daringfireball.markdown; path = README.md; sourceTree = "<group>"; };
		F1534AEA26FEC5B6009D01F1 /* SwiftMock.swift */ = {isa = PBXFileReference; lastKnownFileType = sourcecode.swift; path = SwiftMock.swift; sourceTree = "<group>"; };
		F189AD6E26FE9F30006B6846 /* SwiftMock.framework */ = {isa = PBXFileReference; explicitFileType = wrapper.framework; includeInIndex = 0; path = SwiftMock.framework; sourceTree = BUILT_PRODUCTS_DIR; };
		F189AD7126FE9F30006B6846 /* SwiftMock.h */ = {isa = PBXFileReference; lastKnownFileType = sourcecode.c.h; path = SwiftMock.h; sourceTree = "<group>"; };
		F189AD7226FE9F30006B6846 /* SwiftMock.docc */ = {isa = PBXFileReference; lastKnownFileType = folder.documentationcatalog; path = SwiftMock.docc; sourceTree = "<group>"; };
		F189AD7826FE9F30006B6846 /* SwiftMockTests.xctest */ = {isa = PBXFileReference; explicitFileType = wrapper.cfbundle; includeInIndex = 0; path = SwiftMockTests.xctest; sourceTree = BUILT_PRODUCTS_DIR; };
		F189AD7D26FE9F30006B6846 /* SwiftMockTests.swift */ = {isa = PBXFileReference; lastKnownFileType = sourcecode.swift; path = SwiftMockTests.swift; sourceTree = "<group>"; };
/* End PBXFileReference section */

/* Begin PBXFrameworksBuildPhase section */
		F1534AD026FEB595009D01F1 /* Frameworks */ = {
			isa = PBXFrameworksBuildPhase;
			buildActionMask = 2147483647;
			files = (
				F1534AF526FEC7F0009D01F1 /* SwiftMock.framework in Frameworks */,
			);
			runOnlyForDeploymentPostprocessing = 0;
		};
		F189AD6B26FE9F30006B6846 /* Frameworks */ = {
			isa = PBXFrameworksBuildPhase;
			buildActionMask = 2147483647;
			files = (
			);
			runOnlyForDeploymentPostprocessing = 0;
		};
		F189AD7526FE9F30006B6846 /* Frameworks */ = {
			isa = PBXFrameworksBuildPhase;
			buildActionMask = 2147483647;
			files = (
				F189AD7926FE9F30006B6846 /* SwiftMock.framework in Frameworks */,
			);
			runOnlyForDeploymentPostprocessing = 0;
		};
/* End PBXFrameworksBuildPhase section */

/* Begin PBXGroup section */
		F1534AD426FEB595009D01F1 /* SwiftMockExamples */ = {
			isa = PBXGroup;
			children = (
				F1534AD526FEB595009D01F1 /* AppDelegate.swift */,
				F1534AD726FEB595009D01F1 /* SceneDelegate.swift */,
				F1534AD926FEB595009D01F1 /* ViewController.swift */,
				F1534ADB26FEB595009D01F1 /* Main.storyboard */,
				F1534ADE26FEB597009D01F1 /* Assets.xcassets */,
				F1534AE026FEB597009D01F1 /* LaunchScreen.storyboard */,
				F1534AE326FEB597009D01F1 /* Info.plist */,
			);
			path = SwiftMockExamples;
			sourceTree = "<group>";
		};
		F1534AF126FEC7D5009D01F1 /* Frameworks */ = {
			isa = PBXGroup;
			children = (
			);
			name = Frameworks;
			sourceTree = "<group>";
		};
		F189AD6426FE9F30006B6846 = {
			isa = PBXGroup;
			children = (
				F1534AE726FEB92C009D01F1 /* README.md */,
				F189AD7026FE9F30006B6846 /* SwiftMock */,
				F189AD7C26FE9F30006B6846 /* SwiftMockTests */,
				F1534AD426FEB595009D01F1 /* SwiftMockExamples */,
				F189AD6F26FE9F30006B6846 /* Products */,
				F1534AF126FEC7D5009D01F1 /* Frameworks */,
			);
			sourceTree = "<group>";
		};
		F189AD6F26FE9F30006B6846 /* Products */ = {
			isa = PBXGroup;
			children = (
				F189AD6E26FE9F30006B6846 /* SwiftMock.framework */,
				F189AD7826FE9F30006B6846 /* SwiftMockTests.xctest */,
				F1534AD326FEB595009D01F1 /* SwiftMockExamples.app */,
			);
			name = Products;
			sourceTree = "<group>";
		};
		F189AD7026FE9F30006B6846 /* SwiftMock */ = {
			isa = PBXGroup;
			children = (
				F189AD7126FE9F30006B6846 /* SwiftMock.h */,
				F189AD7226FE9F30006B6846 /* SwiftMock.docc */,
				F1534AEA26FEC5B6009D01F1 /* SwiftMock.swift */,
			);
			path = SwiftMock;
			sourceTree = "<group>";
		};
		F189AD7C26FE9F30006B6846 /* SwiftMockTests */ = {
			isa = PBXGroup;
			children = (
				F189AD7D26FE9F30006B6846 /* SwiftMockTests.swift */,
			);
			path = SwiftMockTests;
			sourceTree = "<group>";
		};
/* End PBXGroup section */

/* Begin PBXHeadersBuildPhase section */
		F189AD6926FE9F30006B6846 /* Headers */ = {
			isa = PBXHeadersBuildPhase;
			buildActionMask = 2147483647;
			files = (
				F189AD7F26FE9F30006B6846 /* SwiftMock.h in Headers */,
			);
			runOnlyForDeploymentPostprocessing = 0;
		};
/* End PBXHeadersBuildPhase section */

/* Begin PBXNativeTarget section */
		F1534AD226FEB595009D01F1 /* SwiftMockExamples */ = {
			isa = PBXNativeTarget;
			buildConfigurationList = F1534AE626FEB597009D01F1 /* Build configuration list for PBXNativeTarget "SwiftMockExamples" */;
			buildPhases = (
				F1534ACF26FEB595009D01F1 /* Sources */,
				F1534AD026FEB595009D01F1 /* Frameworks */,
				F1534AD126FEB595009D01F1 /* Resources */,
				F1534AE926FEBAFC009D01F1 /* Swiftlint Script */,
				F1534AF426FEC7D5009D01F1 /* Embed Frameworks */,
			);
			buildRules = (
			);
			dependencies = (
				F1534AF826FEC7F0009D01F1 /* PBXTargetDependency */,
			);
			name = SwiftMockExamples;
			productName = SwiftMockExamples;
			productReference = F1534AD326FEB595009D01F1 /* SwiftMockExamples.app */;
			productType = "com.apple.product-type.application";
		};
		F189AD6D26FE9F30006B6846 /* SwiftMock */ = {
			isa = PBXNativeTarget;
			buildConfigurationList = F189AD8226FE9F30006B6846 /* Build configuration list for PBXNativeTarget "SwiftMock" */;
			buildPhases = (
				F189AD6926FE9F30006B6846 /* Headers */,
				F189AD6A26FE9F30006B6846 /* Sources */,
				F189AD6B26FE9F30006B6846 /* Frameworks */,
				F189AD6C26FE9F30006B6846 /* Resources */,
				F1534AE826FEBA14009D01F1 /* Swiftlint Script */,
			);
			buildRules = (
			);
			dependencies = (
			);
			name = SwiftMock;
			productName = SwiftMock;
			productReference = F189AD6E26FE9F30006B6846 /* SwiftMock.framework */;
			productType = "com.apple.product-type.framework";
		};
		F189AD7726FE9F30006B6846 /* SwiftMockTests */ = {
			isa = PBXNativeTarget;
			buildConfigurationList = F189AD8526FE9F30006B6846 /* Build configuration list for PBXNativeTarget "SwiftMockTests" */;
			buildPhases = (
				F189AD7426FE9F30006B6846 /* Sources */,
				F189AD7526FE9F30006B6846 /* Frameworks */,
				F189AD7626FE9F30006B6846 /* Resources */,
			);
			buildRules = (
			);
			dependencies = (
				F189AD7B26FE9F30006B6846 /* PBXTargetDependency */,
			);
			name = SwiftMockTests;
			productName = SwiftMockTests;
			productReference = F189AD7826FE9F30006B6846 /* SwiftMockTests.xctest */;
			productType = "com.apple.product-type.bundle.unit-test";
		};
/* End PBXNativeTarget section */

/* Begin PBXProject section */
		F189AD6526FE9F30006B6846 /* Project object */ = {
			isa = PBXProject;
			attributes = {
				BuildIndependentTargetsInParallel = 1;
				LastSwiftUpdateCheck = 1300;
				LastUpgradeCheck = 1300;
				TargetAttributes = {
					F1534AD226FEB595009D01F1 = {
						CreatedOnToolsVersion = 13.0;
					};
					F189AD6D26FE9F30006B6846 = {
						CreatedOnToolsVersion = 13.0;
					};
					F189AD7726FE9F30006B6846 = {
						CreatedOnToolsVersion = 13.0;
					};
				};
			};
			buildConfigurationList = F189AD6826FE9F30006B6846 /* Build configuration list for PBXProject "SwiftMock" */;
			compatibilityVersion = "Xcode 13.0";
			developmentRegion = en;
			hasScannedForEncodings = 0;
			knownRegions = (
				en,
				Base,
			);
			mainGroup = F189AD6426FE9F30006B6846;
			productRefGroup = F189AD6F26FE9F30006B6846 /* Products */;
			projectDirPath = "";
			projectRoot = "";
			targets = (
				F189AD6D26FE9F30006B6846 /* SwiftMock */,
				F189AD7726FE9F30006B6846 /* SwiftMockTests */,
				F1534AD226FEB595009D01F1 /* SwiftMockExamples */,
			);
		};
/* End PBXProject section */

/* Begin PBXResourcesBuildPhase section */
		F1534AD126FEB595009D01F1 /* Resources */ = {
			isa = PBXResourcesBuildPhase;
			buildActionMask = 2147483647;
			files = (
				F1534AE226FEB597009D01F1 /* LaunchScreen.storyboard in Resources */,
				F1534ADF26FEB597009D01F1 /* Assets.xcassets in Resources */,
				F1534ADD26FEB595009D01F1 /* Main.storyboard in Resources */,
			);
			runOnlyForDeploymentPostprocessing = 0;
		};
		F189AD6C26FE9F30006B6846 /* Resources */ = {
			isa = PBXResourcesBuildPhase;
			buildActionMask = 2147483647;
			files = (
			);
			runOnlyForDeploymentPostprocessing = 0;
		};
		F189AD7626FE9F30006B6846 /* Resources */ = {
			isa = PBXResourcesBuildPhase;
			buildActionMask = 2147483647;
			files = (
			);
			runOnlyForDeploymentPostprocessing = 0;
		};
/* End PBXResourcesBuildPhase section */

/* Begin PBXShellScriptBuildPhase section */
		F1534AE826FEBA14009D01F1 /* Swiftlint Script */ = {
			isa = PBXShellScriptBuildPhase;
			buildActionMask = 2147483647;
			files = (
			);
			inputFileListPaths = (
			);
			inputPaths = (
			);
			name = "Swiftlint Script";
			outputFileListPaths = (
			);
			outputPaths = (
			);
			runOnlyForDeploymentPostprocessing = 0;
			shellPath = /bin/sh;
			shellScript = "if which swiftlint >/dev/null; then\n  swiftlint\nelse\n  echo \"warning: SwiftLint not installed, download from https://github.com/realm/SwiftLint\"\nfi\n";
		};
		F1534AE926FEBAFC009D01F1 /* Swiftlint Script */ = {
			isa = PBXShellScriptBuildPhase;
			buildActionMask = 2147483647;
			files = (
			);
			inputFileListPaths = (
			);
			inputPaths = (
			);
			name = "Swiftlint Script";
			outputFileListPaths = (
			);
			outputPaths = (
			);
			runOnlyForDeploymentPostprocessing = 0;
			shellPath = /bin/sh;
			shellScript = "if which swiftlint >/dev/null; then\n  swiftlint\nelse\n  echo \"warning: SwiftLint not installed, download from https://github.com/realm/SwiftLint\"\nfi\n";
		};
/* End PBXShellScriptBuildPhase section */

/* Begin PBXSourcesBuildPhase section */
		F1534ACF26FEB595009D01F1 /* Sources */ = {
			isa = PBXSourcesBuildPhase;
			buildActionMask = 2147483647;
			files = (
				F1534ADA26FEB595009D01F1 /* ViewController.swift in Sources */,
				F1534AD626FEB595009D01F1 /* AppDelegate.swift in Sources */,
				F1534AD826FEB595009D01F1 /* SceneDelegate.swift in Sources */,
			);
			runOnlyForDeploymentPostprocessing = 0;
		};
		F189AD6A26FE9F30006B6846 /* Sources */ = {
			isa = PBXSourcesBuildPhase;
			buildActionMask = 2147483647;
			files = (
				F189AD7326FE9F30006B6846 /* SwiftMock.docc in Sources */,
				F1534AEB26FEC5B6009D01F1 /* SwiftMock.swift in Sources */,
			);
			runOnlyForDeploymentPostprocessing = 0;
		};
		F189AD7426FE9F30006B6846 /* Sources */ = {
			isa = PBXSourcesBuildPhase;
			buildActionMask = 2147483647;
			files = (
				F189AD7E26FE9F30006B6846 /* SwiftMockTests.swift in Sources */,
			);
			runOnlyForDeploymentPostprocessing = 0;
		};
/* End PBXSourcesBuildPhase section */

/* Begin PBXTargetDependency section */
		F1534AF826FEC7F0009D01F1 /* PBXTargetDependency */ = {
			isa = PBXTargetDependency;
			target = F189AD6D26FE9F30006B6846 /* SwiftMock */;
			targetProxy = F1534AF726FEC7F0009D01F1 /* PBXContainerItemProxy */;
		};
		F189AD7B26FE9F30006B6846 /* PBXTargetDependency */ = {
			isa = PBXTargetDependency;
			target = F189AD6D26FE9F30006B6846 /* SwiftMock */;
			targetProxy = F189AD7A26FE9F30006B6846 /* PBXContainerItemProxy */;
		};
/* End PBXTargetDependency section */

/* Begin PBXVariantGroup section */
		F1534ADB26FEB595009D01F1 /* Main.storyboard */ = {
			isa = PBXVariantGroup;
			children = (
				F1534ADC26FEB595009D01F1 /* Base */,
			);
			name = Main.storyboard;
			sourceTree = "<group>";
		};
		F1534AE026FEB597009D01F1 /* LaunchScreen.storyboard */ = {
			isa = PBXVariantGroup;
			children = (
				F1534AE126FEB597009D01F1 /* Base */,
			);
			name = LaunchScreen.storyboard;
			sourceTree = "<group>";
		};
/* End PBXVariantGroup section */

/* Begin XCBuildConfiguration section */
		F1534AE426FEB597009D01F1 /* Debug */ = {
			isa = XCBuildConfiguration;
			buildSettings = {
				ASSETCATALOG_COMPILER_APPICON_NAME = AppIcon;
				ASSETCATALOG_COMPILER_GLOBAL_ACCENT_COLOR_NAME = AccentColor;
				CODE_SIGN_STYLE = Automatic;
				CURRENT_PROJECT_VERSION = 1;
				DEVELOPMENT_TEAM = Z6MUH3V2QB;
				FRAMEWORK_SEARCH_PATHS = (
					"$(inherited)",
					"$(PROJECT_DIR)/Product",
				);
				GENERATE_INFOPLIST_FILE = YES;
				INFOPLIST_FILE = SwiftMockExamples/Info.plist;
				INFOPLIST_KEY_UIApplicationSupportsIndirectInputEvents = YES;
				INFOPLIST_KEY_UILaunchStoryboardName = LaunchScreen;
				INFOPLIST_KEY_UIMainStoryboardFile = Main;
				INFOPLIST_KEY_UISupportedInterfaceOrientations_iPad = "UIInterfaceOrientationPortrait UIInterfaceOrientationPortraitUpsideDown UIInterfaceOrientationLandscapeLeft UIInterfaceOrientationLandscapeRight";
				INFOPLIST_KEY_UISupportedInterfaceOrientations_iPhone = "UIInterfaceOrientationPortrait UIInterfaceOrientationLandscapeLeft UIInterfaceOrientationLandscapeRight";
				LD_RUNPATH_SEARCH_PATHS = (
					"$(inherited)",
					"@executable_path/Frameworks",
				);
				MARKETING_VERSION = 1.0;
				PRODUCT_BUNDLE_IDENTIFIER = br.com.bitxlabs.swiftmock.SwiftMockExamples;
				PRODUCT_NAME = "$(TARGET_NAME)";
				SWIFT_EMIT_LOC_STRINGS = YES;
				SWIFT_VERSION = 5.0;
				TARGETED_DEVICE_FAMILY = "1,2";
			};
			name = Debug;
		};
		F1534AE526FEB597009D01F1 /* Release */ = {
			isa = XCBuildConfiguration;
			buildSettings = {
				ASSETCATALOG_COMPILER_APPICON_NAME = AppIcon;
				ASSETCATALOG_COMPILER_GLOBAL_ACCENT_COLOR_NAME = AccentColor;
				CODE_SIGN_STYLE = Automatic;
				CURRENT_PROJECT_VERSION = 1;
				DEVELOPMENT_TEAM = Z6MUH3V2QB;
				FRAMEWORK_SEARCH_PATHS = (
					"$(inherited)",
					"$(PROJECT_DIR)/Product",
				);
				GENERATE_INFOPLIST_FILE = YES;
				INFOPLIST_FILE = SwiftMockExamples/Info.plist;
				INFOPLIST_KEY_UIApplicationSupportsIndirectInputEvents = YES;
				INFOPLIST_KEY_UILaunchStoryboardName = LaunchScreen;
				INFOPLIST_KEY_UIMainStoryboardFile = Main;
				INFOPLIST_KEY_UISupportedInterfaceOrientations_iPad = "UIInterfaceOrientationPortrait UIInterfaceOrientationPortraitUpsideDown UIInterfaceOrientationLandscapeLeft UIInterfaceOrientationLandscapeRight";
				INFOPLIST_KEY_UISupportedInterfaceOrientations_iPhone = "UIInterfaceOrientationPortrait UIInterfaceOrientationLandscapeLeft UIInterfaceOrientationLandscapeRight";
				LD_RUNPATH_SEARCH_PATHS = (
					"$(inherited)",
					"@executable_path/Frameworks",
				);
				MARKETING_VERSION = 1.0;
				PRODUCT_BUNDLE_IDENTIFIER = br.com.bitxlabs.swiftmock.SwiftMockExamples;
				PRODUCT_NAME = "$(TARGET_NAME)";
				SWIFT_EMIT_LOC_STRINGS = YES;
				SWIFT_VERSION = 5.0;
				TARGETED_DEVICE_FAMILY = "1,2";
			};
			name = Release;
		};
		F189AD8026FE9F30006B6846 /* Debug */ = {
			isa = XCBuildConfiguration;
			buildSettings = {
				ALWAYS_SEARCH_USER_PATHS = NO;
				CLANG_ANALYZER_NONNULL = YES;
				CLANG_ANALYZER_NUMBER_OBJECT_CONVERSION = YES_AGGRESSIVE;
				CLANG_CXX_LANGUAGE_STANDARD = "gnu++17";
				CLANG_CXX_LIBRARY = "libc++";
				CLANG_ENABLE_MODULES = YES;
				CLANG_ENABLE_OBJC_ARC = YES;
				CLANG_ENABLE_OBJC_WEAK = YES;
				CLANG_WARN_BLOCK_CAPTURE_AUTORELEASING = YES;
				CLANG_WARN_BOOL_CONVERSION = YES;
				CLANG_WARN_COMMA = YES;
				CLANG_WARN_CONSTANT_CONVERSION = YES;
				CLANG_WARN_DEPRECATED_OBJC_IMPLEMENTATIONS = YES;
				CLANG_WARN_DIRECT_OBJC_ISA_USAGE = YES_ERROR;
				CLANG_WARN_DOCUMENTATION_COMMENTS = YES;
				CLANG_WARN_EMPTY_BODY = YES;
				CLANG_WARN_ENUM_CONVERSION = YES;
				CLANG_WARN_INFINITE_RECURSION = YES;
				CLANG_WARN_INT_CONVERSION = YES;
				CLANG_WARN_NON_LITERAL_NULL_CONVERSION = YES;
				CLANG_WARN_OBJC_IMPLICIT_RETAIN_SELF = YES;
				CLANG_WARN_OBJC_LITERAL_CONVERSION = YES;
				CLANG_WARN_OBJC_ROOT_CLASS = YES_ERROR;
				CLANG_WARN_QUOTED_INCLUDE_IN_FRAMEWORK_HEADER = YES;
				CLANG_WARN_RANGE_LOOP_ANALYSIS = YES;
				CLANG_WARN_STRICT_PROTOTYPES = YES;
				CLANG_WARN_SUSPICIOUS_MOVE = YES;
				CLANG_WARN_UNGUARDED_AVAILABILITY = YES_AGGRESSIVE;
				CLANG_WARN_UNREACHABLE_CODE = YES;
				CLANG_WARN__DUPLICATE_METHOD_MATCH = YES;
				COPY_PHASE_STRIP = NO;
				CURRENT_PROJECT_VERSION = 1;
				DEBUG_INFORMATION_FORMAT = dwarf;
				ENABLE_STRICT_OBJC_MSGSEND = YES;
				ENABLE_TESTABILITY = YES;
				GCC_C_LANGUAGE_STANDARD = gnu11;
				GCC_DYNAMIC_NO_PIC = NO;
				GCC_NO_COMMON_BLOCKS = YES;
				GCC_OPTIMIZATION_LEVEL = 0;
				GCC_PREPROCESSOR_DEFINITIONS = (
					"DEBUG=1",
					"$(inherited)",
				);
				GCC_WARN_64_TO_32_BIT_CONVERSION = YES;
				GCC_WARN_ABOUT_RETURN_TYPE = YES_ERROR;
				GCC_WARN_UNDECLARED_SELECTOR = YES;
				GCC_WARN_UNINITIALIZED_AUTOS = YES_AGGRESSIVE;
				GCC_WARN_UNUSED_FUNCTION = YES;
				GCC_WARN_UNUSED_VARIABLE = YES;
				IPHONEOS_DEPLOYMENT_TARGET = 15.0;
				MTL_ENABLE_DEBUG_INFO = INCLUDE_SOURCE;
				MTL_FAST_MATH = YES;
				ONLY_ACTIVE_ARCH = YES;
				SDKROOT = iphoneos;
				SWIFT_ACTIVE_COMPILATION_CONDITIONS = DEBUG;
				SWIFT_OPTIMIZATION_LEVEL = "-Onone";
				VERSIONING_SYSTEM = "apple-generic";
				VERSION_INFO_PREFIX = "";
			};
			name = Debug;
		};
		F189AD8126FE9F30006B6846 /* Release */ = {
			isa = XCBuildConfiguration;
			buildSettings = {
				ALWAYS_SEARCH_USER_PATHS = NO;
				CLANG_ANALYZER_NONNULL = YES;
				CLANG_ANALYZER_NUMBER_OBJECT_CONVERSION = YES_AGGRESSIVE;
				CLANG_CXX_LANGUAGE_STANDARD = "gnu++17";
				CLANG_CXX_LIBRARY = "libc++";
				CLANG_ENABLE_MODULES = YES;
				CLANG_ENABLE_OBJC_ARC = YES;
				CLANG_ENABLE_OBJC_WEAK = YES;
				CLANG_WARN_BLOCK_CAPTURE_AUTORELEASING = YES;
				CLANG_WARN_BOOL_CONVERSION = YES;
				CLANG_WARN_COMMA = YES;
				CLANG_WARN_CONSTANT_CONVERSION = YES;
				CLANG_WARN_DEPRECATED_OBJC_IMPLEMENTATIONS = YES;
				CLANG_WARN_DIRECT_OBJC_ISA_USAGE = YES_ERROR;
				CLANG_WARN_DOCUMENTATION_COMMENTS = YES;
				CLANG_WARN_EMPTY_BODY = YES;
				CLANG_WARN_ENUM_CONVERSION = YES;
				CLANG_WARN_INFINITE_RECURSION = YES;
				CLANG_WARN_INT_CONVERSION = YES;
				CLANG_WARN_NON_LITERAL_NULL_CONVERSION = YES;
				CLANG_WARN_OBJC_IMPLICIT_RETAIN_SELF = YES;
				CLANG_WARN_OBJC_LITERAL_CONVERSION = YES;
				CLANG_WARN_OBJC_ROOT_CLASS = YES_ERROR;
				CLANG_WARN_QUOTED_INCLUDE_IN_FRAMEWORK_HEADER = YES;
				CLANG_WARN_RANGE_LOOP_ANALYSIS = YES;
				CLANG_WARN_STRICT_PROTOTYPES = YES;
				CLANG_WARN_SUSPICIOUS_MOVE = YES;
				CLANG_WARN_UNGUARDED_AVAILABILITY = YES_AGGRESSIVE;
				CLANG_WARN_UNREACHABLE_CODE = YES;
				CLANG_WARN__DUPLICATE_METHOD_MATCH = YES;
				COPY_PHASE_STRIP = NO;
				CURRENT_PROJECT_VERSION = 1;
				DEBUG_INFORMATION_FORMAT = "dwarf-with-dsym";
				ENABLE_NS_ASSERTIONS = NO;
				ENABLE_STRICT_OBJC_MSGSEND = YES;
				GCC_C_LANGUAGE_STANDARD = gnu11;
				GCC_NO_COMMON_BLOCKS = YES;
				GCC_WARN_64_TO_32_BIT_CONVERSION = YES;
				GCC_WARN_ABOUT_RETURN_TYPE = YES_ERROR;
				GCC_WARN_UNDECLARED_SELECTOR = YES;
				GCC_WARN_UNINITIALIZED_AUTOS = YES_AGGRESSIVE;
				GCC_WARN_UNUSED_FUNCTION = YES;
				GCC_WARN_UNUSED_VARIABLE = YES;
				IPHONEOS_DEPLOYMENT_TARGET = 15.0;
				MTL_ENABLE_DEBUG_INFO = NO;
				MTL_FAST_MATH = YES;
				SDKROOT = iphoneos;
				SWIFT_COMPILATION_MODE = wholemodule;
				SWIFT_OPTIMIZATION_LEVEL = "-O";
				VALIDATE_PRODUCT = YES;
				VERSIONING_SYSTEM = "apple-generic";
				VERSION_INFO_PREFIX = "";
			};
			name = Release;
		};
		F189AD8326FE9F30006B6846 /* Debug */ = {
			isa = XCBuildConfiguration;
			buildSettings = {
				CODE_SIGN_STYLE = Automatic;
				CURRENT_PROJECT_VERSION = 1;
				DEFINES_MODULE = YES;
				DEVELOPMENT_TEAM = Z6MUH3V2QB;
				DYLIB_COMPATIBILITY_VERSION = 1;
				DYLIB_CURRENT_VERSION = 1;
				DYLIB_INSTALL_NAME_BASE = "@rpath";
				FRAMEWORK_SEARCH_PATHS = (
					"$(inherited)",
					"$(PROJECT_DIR)/Product",
				);
				GENERATE_INFOPLIST_FILE = YES;
				INFOPLIST_KEY_NSHumanReadableCopyright = "";
				INSTALL_PATH = "$(LOCAL_LIBRARY_DIR)/Frameworks";
				LD_RUNPATH_SEARCH_PATHS = (
					"$(inherited)",
					"@executable_path/Frameworks",
					"@loader_path/Frameworks",
				);
				MARKETING_VERSION = 1.0;
				PRODUCT_BUNDLE_IDENTIFIER = br.com.bitxlabs.swiftmock.SwiftMock;
				PRODUCT_NAME = "$(TARGET_NAME:c99extidentifier)";
				SKIP_INSTALL = YES;
				SWIFT_EMIT_LOC_STRINGS = YES;
				SWIFT_VERSION = 5.0;
				TARGETED_DEVICE_FAMILY = "1,2";
			};
			name = Debug;
		};
		F189AD8426FE9F30006B6846 /* Release */ = {
			isa = XCBuildConfiguration;
			buildSettings = {
				CODE_SIGN_STYLE = Automatic;
				CURRENT_PROJECT_VERSION = 1;
				DEFINES_MODULE = YES;
				DEVELOPMENT_TEAM = Z6MUH3V2QB;
				DYLIB_COMPATIBILITY_VERSION = 1;
				DYLIB_CURRENT_VERSION = 1;
				DYLIB_INSTALL_NAME_BASE = "@rpath";
				FRAMEWORK_SEARCH_PATHS = (
					"$(inherited)",
					"$(PROJECT_DIR)/Product",
				);
				GENERATE_INFOPLIST_FILE = YES;
				INFOPLIST_KEY_NSHumanReadableCopyright = "";
				INSTALL_PATH = "$(LOCAL_LIBRARY_DIR)/Frameworks";
				LD_RUNPATH_SEARCH_PATHS = (
					"$(inherited)",
					"@executable_path/Frameworks",
					"@loader_path/Frameworks",
				);
				MARKETING_VERSION = 1.0;
				PRODUCT_BUNDLE_IDENTIFIER = br.com.bitxlabs.swiftmock.SwiftMock;
				PRODUCT_NAME = "$(TARGET_NAME:c99extidentifier)";
				SKIP_INSTALL = YES;
				SWIFT_EMIT_LOC_STRINGS = YES;
				SWIFT_VERSION = 5.0;
				TARGETED_DEVICE_FAMILY = "1,2";
			};
			name = Release;
		};
		F189AD8626FE9F30006B6846 /* Debug */ = {
			isa = XCBuildConfiguration;
			buildSettings = {
				ALWAYS_EMBED_SWIFT_STANDARD_LIBRARIES = YES;
				CODE_SIGN_STYLE = Automatic;
				CURRENT_PROJECT_VERSION = 1;
				DEVELOPMENT_TEAM = Z6MUH3V2QB;
				GENERATE_INFOPLIST_FILE = YES;
				LD_RUNPATH_SEARCH_PATHS = (
					"$(inherited)",
					"@executable_path/Frameworks",
					"@loader_path/Frameworks",
				);
				MARKETING_VERSION = 1.0;
				PRODUCT_BUNDLE_IDENTIFIER = br.com.bitxlabs.swiftmock.SwiftMockTests;
				PRODUCT_NAME = "$(TARGET_NAME)";
				SWIFT_EMIT_LOC_STRINGS = NO;
				SWIFT_VERSION = 5.0;
				TARGETED_DEVICE_FAMILY = "1,2";
			};
			name = Debug;
		};
		F189AD8726FE9F30006B6846 /* Release */ = {
			isa = XCBuildConfiguration;
			buildSettings = {
				ALWAYS_EMBED_SWIFT_STANDARD_LIBRARIES = YES;
				CODE_SIGN_STYLE = Automatic;
				CURRENT_PROJECT_VERSION = 1;
				DEVELOPMENT_TEAM = Z6MUH3V2QB;
				GENERATE_INFOPLIST_FILE = YES;
				LD_RUNPATH_SEARCH_PATHS = (
					"$(inherited)",
					"@executable_path/Frameworks",
					"@loader_path/Frameworks",
				);
				MARKETING_VERSION = 1.0;
				PRODUCT_BUNDLE_IDENTIFIER = br.com.bitxlabs.swiftmock.SwiftMockTests;
				PRODUCT_NAME = "$(TARGET_NAME)";
				SWIFT_EMIT_LOC_STRINGS = NO;
				SWIFT_VERSION = 5.0;
				TARGETED_DEVICE_FAMILY = "1,2";
			};
			name = Release;
		};
/* End XCBuildConfiguration section */

/* Begin XCConfigurationList section */
		F1534AE626FEB597009D01F1 /* Build configuration list for PBXNativeTarget "SwiftMockExamples" */ = {
			isa = XCConfigurationList;
			buildConfigurations = (
				F1534AE426FEB597009D01F1 /* Debug */,
				F1534AE526FEB597009D01F1 /* Release */,
			);
			defaultConfigurationIsVisible = 0;
			defaultConfigurationName = Release;
		};
		F189AD6826FE9F30006B6846 /* Build configuration list for PBXProject "SwiftMock" */ = {
			isa = XCConfigurationList;
			buildConfigurations = (
				F189AD8026FE9F30006B6846 /* Debug */,
				F189AD8126FE9F30006B6846 /* Release */,
			);
			defaultConfigurationIsVisible = 0;
			defaultConfigurationName = Release;
		};
		F189AD8226FE9F30006B6846 /* Build configuration list for PBXNativeTarget "SwiftMock" */ = {
			isa = XCConfigurationList;
			buildConfigurations = (
				F189AD8326FE9F30006B6846 /* Debug */,
				F189AD8426FE9F30006B6846 /* Release */,
			);
			defaultConfigurationIsVisible = 0;
			defaultConfigurationName = Release;
		};
		F189AD8526FE9F30006B6846 /* Build configuration list for PBXNativeTarget "SwiftMockTests" */ = {
			isa = XCConfigurationList;
			buildConfigurations = (
				F189AD8626FE9F30006B6846 /* Debug */,
				F189AD8726FE9F30006B6846 /* Release */,
			);
			defaultConfigurationIsVisible = 0;
			defaultConfigurationName = Release;
		};
/* End XCConfigurationList section */
	};
	rootObject = F189AD6526FE9F30006B6846 /* Project object */;
}
